
Microsoft Visual Studio Solution File, Format Version 12.00
# Visual Studio 15
VisualStudioVersion = 15.0.26730.12
MinimumVisualStudioVersion = 10.0.40219.1
Project("{FAE04EC0-301F-11D3-BF4B-00C04F79EFBC}") = "FluentCache.Test", "FluentCache.Test\FluentCache.Test.csproj", "{5FA1B9E5-45DD-4B93-A25B-F7079FC1901F}"
EndProject
Project("{FAE04EC0-301F-11D3-BF4B-00C04F79EFBC}") = "FluentCache", "FluentCache\FluentCache.csproj", "{5DBFD0C2-A7E5-4F16-BBE0-633E38B6EB6D}"
EndProject
Project("{FAE04EC0-301F-11D3-BF4B-00C04F79EFBC}") = "FluentCache.RuntimeCaching", "FluentCache.RuntimeCaching\FluentCache.RuntimeCaching.csproj", "{1D658A84-86F9-4128-A898-9D3B40A94407}"
EndProject
Project("{FAE04EC0-301F-11D3-BF4B-00C04F79EFBC}") = "FluentCache.Microsoft.Extensions.Caching.Redis", "FluentCache.Microsoft.Extensions.Caching.Redis\FluentCache.Microsoft.Extensions.Caching.Redis.csproj", "{F0EC29E0-740F-4F74-9453-5B6CF69075C3}"
EndProject
Project("{FAE04EC0-301F-11D3-BF4B-00C04F79EFBC}") = "FluentCache.Test.Nuget", "FluentCache.Test.Nuget\FluentCache.Test.Nuget.csproj", "{FD2BADA7-DF67-4C0D-8BEF-01397191E9EC}"
EndProject
Project("{2150E333-8FDC-42A3-9474-1A3956D46DE8}") = "git", "git", "{435EDA4E-4469-41E6-AE19-61B2A13761E2}"
	ProjectSection(SolutionItems) = preProject
		README.md = README.md
	EndProjectSection
EndProject
Project("{FAE04EC0-301F-11D3-BF4B-00C04F79EFBC}") = "FluentCache.Microsoft.Extensions.Caching.Memory", "FluentCache.Microsoft.Extensions.Caching.Memory\FluentCache.Microsoft.Extensions.Caching.Memory.csproj", "{20DEC89C-7F8D-4F2A-87BC-2B5107491818}"
EndProject
Project("{9A19103F-16F7-4668-BE54-9A1E7A4F7556}") = "FluentCache.Microsoft.Extensions.Caching.Abstractions", "FluentCache.Microsoft.Extensions.Caching.Abstractions\FluentCache.Microsoft.Extensions.Caching.Abstractions.csproj", "{A86DE79D-0BF9-44B8-AA06-EDD8A5D32195}"
EndProject
Global
	GlobalSection(SolutionConfigurationPlatforms) = preSolution
		Debug|Any CPU = Debug|Any CPU
		Development|Any CPU = Development|Any CPU
		Release|Any CPU = Release|Any CPU
	EndGlobalSection
	GlobalSection(ProjectConfigurationPlatforms) = postSolution
		{5FA1B9E5-45DD-4B93-A25B-F7079FC1901F}.Debug|Any CPU.ActiveCfg = Debug|Any CPU
		{5FA1B9E5-45DD-4B93-A25B-F7079FC1901F}.Debug|Any CPU.Build.0 = Debug|Any CPU
		{5FA1B9E5-45DD-4B93-A25B-F7079FC1901F}.Development|Any CPU.ActiveCfg = Debug|Any CPU
		{5FA1B9E5-45DD-4B93-A25B-F7079FC1901F}.Development|Any CPU.Build.0 = Debug|Any CPU
		{5FA1B9E5-45DD-4B93-A25B-F7079FC1901F}.Release|Any CPU.ActiveCfg = Release|Any CPU
		{5FA1B9E5-45DD-4B93-A25B-F7079FC1901F}.Release|Any CPU.Build.0 = Release|Any CPU
		{5DBFD0C2-A7E5-4F16-BBE0-633E38B6EB6D}.Debug|Any CPU.ActiveCfg = Debug|Any CPU
		{5DBFD0C2-A7E5-4F16-BBE0-633E38B6EB6D}.Debug|Any CPU.Build.0 = Debug|Any CPU
		{5DBFD0C2-A7E5-4F16-BBE0-633E38B6EB6D}.Development|Any CPU.ActiveCfg = Debug|Any CPU
		{5DBFD0C2-A7E5-4F16-BBE0-633E38B6EB6D}.Development|Any CPU.Build.0 = Debug|Any CPU
		{5DBFD0C2-A7E5-4F16-BBE0-633E38B6EB6D}.Release|Any CPU.ActiveCfg = Release|Any CPU
		{5DBFD0C2-A7E5-4F16-BBE0-633E38B6EB6D}.Release|Any CPU.Build.0 = Release|Any CPU
		{1D658A84-86F9-4128-A898-9D3B40A94407}.Debug|Any CPU.ActiveCfg = Debug|Any CPU
		{1D658A84-86F9-4128-A898-9D3B40A94407}.Debug|Any CPU.Build.0 = Debug|Any CPU
		{1D658A84-86F9-4128-A898-9D3B40A94407}.Development|Any CPU.ActiveCfg = Debug|Any CPU
		{1D658A84-86F9-4128-A898-9D3B40A94407}.Development|Any CPU.Build.0 = Debug|Any CPU
		{1D658A84-86F9-4128-A898-9D3B40A94407}.Release|Any CPU.ActiveCfg = Release|Any CPU
		{1D658A84-86F9-4128-A898-9D3B40A94407}.Release|Any CPU.Build.0 = Release|Any CPU
		{F0EC29E0-740F-4F74-9453-5B6CF69075C3}.Debug|Any CPU.ActiveCfg = Debug|Any CPU
		{F0EC29E0-740F-4F74-9453-5B6CF69075C3}.Debug|Any CPU.Build.0 = Debug|Any CPU
		{F0EC29E0-740F-4F74-9453-5B6CF69075C3}.Development|Any CPU.ActiveCfg = Debug|Any CPU
		{F0EC29E0-740F-4F74-9453-5B6CF69075C3}.Development|Any CPU.Build.0 = Debug|Any CPU
		{F0EC29E0-740F-4F74-9453-5B6CF69075C3}.Release|Any CPU.ActiveCfg = Release|Any CPU
		{F0EC29E0-740F-4F74-9453-5B6CF69075C3}.Release|Any CPU.Build.0 = Release|Any CPU
		{FD2BADA7-DF67-4C0D-8BEF-01397191E9EC}.Debug|Any CPU.ActiveCfg = Debug|Any CPU
		{FD2BADA7-DF67-4C0D-8BEF-01397191E9EC}.Debug|Any CPU.Build.0 = Debug|Any CPU
		{FD2BADA7-DF67-4C0D-8BEF-01397191E9EC}.Development|Any CPU.ActiveCfg = Debug|Any CPU
		{FD2BADA7-DF67-4C0D-8BEF-01397191E9EC}.Development|Any CPU.Build.0 = Debug|Any CPU
		{FD2BADA7-DF67-4C0D-8BEF-01397191E9EC}.Release|Any CPU.ActiveCfg = Release|Any CPU
		{FD2BADA7-DF67-4C0D-8BEF-01397191E9EC}.Release|Any CPU.Build.0 = Release|Any CPU
		{20DEC89C-7F8D-4F2A-87BC-2B5107491818}.Debug|Any CPU.ActiveCfg = Debug|Any CPU
		{20DEC89C-7F8D-4F2A-87BC-2B5107491818}.Debug|Any CPU.Build.0 = Debug|Any CPU
		{20DEC89C-7F8D-4F2A-87BC-2B5107491818}.Development|Any CPU.ActiveCfg = Debug|Any CPU
		{20DEC89C-7F8D-4F2A-87BC-2B5107491818}.Development|Any CPU.Build.0 = Debug|Any CPU
		{20DEC89C-7F8D-4F2A-87BC-2B5107491818}.Release|Any CPU.ActiveCfg = Release|Any CPU
		{20DEC89C-7F8D-4F2A-87BC-2B5107491818}.Release|Any CPU.Build.0 = Release|Any CPU
		{A86DE79D-0BF9-44B8-AA06-EDD8A5D32195}.Debug|Any CPU.ActiveCfg = Debug|Any CPU
		{A86DE79D-0BF9-44B8-AA06-EDD8A5D32195}.Debug|Any CPU.Build.0 = Debug|Any CPU
		{A86DE79D-0BF9-44B8-AA06-EDD8A5D32195}.Development|Any CPU.ActiveCfg = Debug|Any CPU
		{A86DE79D-0BF9-44B8-AA06-EDD8A5D32195}.Development|Any CPU.Build.0 = Debug|Any CPU
		{A86DE79D-0BF9-44B8-AA06-EDD8A5D32195}.Release|Any CPU.ActiveCfg = Release|Any CPU
		{A86DE79D-0BF9-44B8-AA06-EDD8A5D32195}.Release|Any CPU.Build.0 = Release|Any CPU
	EndGlobalSection
	GlobalSection(SolutionProperties) = preSolution
		HideSolutionNode = FALSE
	EndGlobalSection
	GlobalSection(ExtensibilityGlobals) = postSolution
		SolutionGuid = {77717A2D-52FC-4494-9601-114FBDE84A13}
	EndGlobalSection
EndGlobal
